
Microsoft Visual Studio Solution File, Format Version 12.00
# Visual Studio 15
VisualStudioVersion = 15.0.28307.1831
MinimumVisualStudioVersion = 10.0.40219.1
Project("{9A19103F-16F7-4668-BE54-9A1E7A4F7556}") = "Print100EvenNumbers", "Exercise1\Print100EvenNumbers.csproj", "{01B39650-0C1E-4ECB-9944-9BB91195DD28}"
EndProject
Project("{FAE04EC0-301F-11D3-BF4B-00C04F79EFBC}") = "AvgXNumbers", "AvgXNumbers\AvgXNumbers.csproj", "{38E1E77F-908D-494A-AB11-F679754238F6}"
EndProject
Global
	GlobalSection(SolutionConfigurationPlatforms) = preSolution
		Debug|Any CPU = Debug|Any CPU
		Release|Any CPU = Release|Any CPU
	EndGlobalSection
	GlobalSection(ProjectConfigurationPlatforms) = postSolution
		{01B39650-0C1E-4ECB-9944-9BB91195DD28}.Debug|Any CPU.ActiveCfg = Debug|Any CPU
		{01B39650-0C1E-4ECB-9944-9BB91195DD28}.Debug|Any CPU.Build.0 = Debug|Any CPU
		{01B39650-0C1E-4ECB-9944-9BB91195DD28}.Release|Any CPU.ActiveCfg = Release|Any CPU
		{01B39650-0C1E-4ECB-9944-9BB91195DD28}.Release|Any CPU.Build.0 = Release|Any CPU
		{38E1E77F-908D-494A-AB11-F679754238F6}.Debug|Any CPU.ActiveCfg = Debug|Any CPU
		{38E1E77F-908D-494A-AB11-F679754238F6}.Debug|Any CPU.Build.0 = Debug|Any CPU
		{38E1E77F-908D-494A-AB11-F679754238F6}.Release|Any CPU.ActiveCfg = Release|Any CPU
		{38E1E77F-908D-494A-AB11-F679754238F6}.Release|Any CPU.Build.0 = Release|Any CPU
	EndGlobalSection
	GlobalSection(SolutionProperties) = preSolution
		HideSolutionNode = FALSE
	EndGlobalSection
	GlobalSection(ExtensibilityGlobals) = postSolution
		SolutionGuid = {600E9E2C-A13D-4750-81DA-996C655DA505}
	EndGlobalSection
EndGlobal
